
Microsoft Visual Studio Solution File, Format Version 12.00
# Visual Studio 14
VisualStudioVersion = 14.0.25420.1
MinimumVisualStudioVersion = 10.0.40219.1
Project("{8BC9CEB8-8B4A-11D0-8D11-00A0C91BC942}") = "LightmapTool", "LightmapTool\LightmapTool.vcxproj", "{23EE01F3-8E13-46A9-A3AF-40A13679C923}"
EndProject
Global
	GlobalSection(SolutionConfigurationPlatforms) = preSolution
		Debug|x64 = Debug|x64
		Debug|x86 = Debug|x86
		Release|x64 = Release|x64
		Release|x86 = Release|x86
	EndGlobalSection
	GlobalSection(ProjectConfigurationPlatforms) = postSolution
		{23EE01F3-8E13-46A9-A3AF-40A13679C923}.Debug|x64.ActiveCfg = Debug|x64
		{23EE01F3-8E13-46A9-A3AF-40A13679C923}.Debug|x64.Build.0 = Debug|x64
		{23EE01F3-8E13-46A9-A3AF-40A13679C923}.Debug|x86.ActiveCfg = Debug|Win32
		{23EE01F3-8E13-46A9-A3AF-40A13679C923}.Debug|x86.Build.0 = Debug|Win32
		{23EE01F3-8E13-46A9-A3AF-40A13679C923}.Release|x64.ActiveCfg = Release|x64
		{23EE01F3-8E13-46A9-A3AF-40A13679C923}.Release|x64.Build.0 = Release|x64
		{23EE01F3-8E13-46A9-A3AF-40A13679C923}.Release|x86.ActiveCfg = Release|Win32
		{23EE01F3-8E13-46A9-A3AF-40A13679C923}.Release|x86.Build.0 = Release|Win32
	EndGlobalSection
	GlobalSection(SolutionProperties) = preSolution
		HideSolutionNode = FALSE
	EndGlobalSection
EndGlobal
